
Microsoft Visual Studio Solution File, Format Version 12.00
# Visual Studio Version 17
VisualStudioVersion = 17.1.32421.90
MinimumVisualStudioVersion = 10.0.40219.1
Project("{FAE04EC0-301F-11D3-BF4B-00C04F79EFBC}") = "ParserExersice1", "ParserExersice1\ParserExersice1.csproj", "{157A9CA8-9D7A-423D-B811-DBDD1D50A6A1}"
EndProject
Project("{FAE04EC0-301F-11D3-BF4B-00C04F79EFBC}") = "ParserTest", "ParserTest\ParserTest.csproj", "{89D8E73C-5DB1-4B78-802A-D8E18DB13460}"
EndProject
Global
	GlobalSection(SolutionConfigurationPlatforms) = preSolution
		Debug|Any CPU = Debug|Any CPU
		Release|Any CPU = Release|Any CPU
	EndGlobalSection
	GlobalSection(ProjectConfigurationPlatforms) = postSolution
		{157A9CA8-9D7A-423D-B811-DBDD1D50A6A1}.Debug|Any CPU.ActiveCfg = Debug|Any CPU
		{157A9CA8-9D7A-423D-B811-DBDD1D50A6A1}.Debug|Any CPU.Build.0 = Debug|Any CPU
		{157A9CA8-9D7A-423D-B811-DBDD1D50A6A1}.Release|Any CPU.ActiveCfg = Release|Any CPU
		{157A9CA8-9D7A-423D-B811-DBDD1D50A6A1}.Release|Any CPU.Build.0 = Release|Any CPU
		{89D8E73C-5DB1-4B78-802A-D8E18DB13460}.Debug|Any CPU.ActiveCfg = Debug|Any CPU
		{89D8E73C-5DB1-4B78-802A-D8E18DB13460}.Debug|Any CPU.Build.0 = Debug|Any CPU
		{89D8E73C-5DB1-4B78-802A-D8E18DB13460}.Release|Any CPU.ActiveCfg = Release|Any CPU
		{89D8E73C-5DB1-4B78-802A-D8E18DB13460}.Release|Any CPU.Build.0 = Release|Any CPU
	EndGlobalSection
	GlobalSection(SolutionProperties) = preSolution
		HideSolutionNode = FALSE
	EndGlobalSection
	GlobalSection(ExtensibilityGlobals) = postSolution
		SolutionGuid = {E9933B7E-B023-4B41-B30B-6C0174637650}
	EndGlobalSection
EndGlobal
